
Microsoft Visual Studio Solution File, Format Version 12.00
# Visual Studio Version 17
VisualStudioVersion = 17.0.31903.59
MinimumVisualStudioVersion = 10.0.40219.1
Project("{FAE04EC0-301F-11D3-BF4B-00C04F79EFBC}") = "OrderService", "OrderService\OrderService.csproj", "{64E03EF0-187D-46F6-BF64-EC1D4B773237}"
EndProject
Project("{FAE04EC0-301F-11D3-BF4B-00C04F79EFBC}") = "PaymentService", "PaymentService\PaymentService.csproj", "{0702B066-9D1A-4896-A411-F70E11C809FE}"
EndProject
Project("{FAE04EC0-301F-11D3-BF4B-00C04F79EFBC}") = "ShippingService", "ShippingService\ShippingService.csproj", "{766BB7DA-5359-4353-8D56-736F997BBC6A}"
EndProject
Global
	GlobalSection(SolutionConfigurationPlatforms) = preSolution
		Debug|Any CPU = Debug|Any CPU
		Release|Any CPU = Release|Any CPU
	EndGlobalSection
	GlobalSection(SolutionProperties) = preSolution
		HideSolutionNode = FALSE
	EndGlobalSection
	GlobalSection(ProjectConfigurationPlatforms) = postSolution
		{64E03EF0-187D-46F6-BF64-EC1D4B773237}.Debug|Any CPU.ActiveCfg = Debug|Any CPU
		{64E03EF0-187D-46F6-BF64-EC1D4B773237}.Debug|Any CPU.Build.0 = Debug|Any CPU
		{64E03EF0-187D-46F6-BF64-EC1D4B773237}.Release|Any CPU.ActiveCfg = Release|Any CPU
		{64E03EF0-187D-46F6-BF64-EC1D4B773237}.Release|Any CPU.Build.0 = Release|Any CPU
		{0702B066-9D1A-4896-A411-F70E11C809FE}.Debug|Any CPU.ActiveCfg = Debug|Any CPU
		{0702B066-9D1A-4896-A411-F70E11C809FE}.Debug|Any CPU.Build.0 = Debug|Any CPU
		{0702B066-9D1A-4896-A411-F70E11C809FE}.Release|Any CPU.ActiveCfg = Release|Any CPU
		{0702B066-9D1A-4896-A411-F70E11C809FE}.Release|Any CPU.Build.0 = Release|Any CPU
		{766BB7DA-5359-4353-8D56-736F997BBC6A}.Debug|Any CPU.ActiveCfg = Debug|Any CPU
		{766BB7DA-5359-4353-8D56-736F997BBC6A}.Debug|Any CPU.Build.0 = Debug|Any CPU
		{766BB7DA-5359-4353-8D56-736F997BBC6A}.Release|Any CPU.ActiveCfg = Release|Any CPU
		{766BB7DA-5359-4353-8D56-736F997BBC6A}.Release|Any CPU.Build.0 = Release|Any CPU
	EndGlobalSection
EndGlobal
